
Microsoft Visual Studio Solution File, Format Version 12.00
# Visual Studio Version 17
VisualStudioVersion = 17.5.002.0
MinimumVisualStudioVersion = 10.0.40219.1
Project("{9A19103F-16F7-4668-BE54-9A1E7A4F7556}") = "MailjetEmailer", "MailjetEmailer.csproj", "{A3351CB0-59ED-41EE-B317-F973BD1A8D56}"
EndProject
Global
	GlobalSection(SolutionConfigurationPlatforms) = preSolution
		Debug|Any CPU = Debug|Any CPU
		Release|Any CPU = Release|Any CPU
	EndGlobalSection
	GlobalSection(ProjectConfigurationPlatforms) = postSolution
		{A3351CB0-59ED-41EE-B317-F973BD1A8D56}.Debug|Any CPU.ActiveCfg = Debug|Any CPU
		{A3351CB0-59ED-41EE-B317-F973BD1A8D56}.Debug|Any CPU.Build.0 = Debug|Any CPU
		{A3351CB0-59ED-41EE-B317-F973BD1A8D56}.Release|Any CPU.ActiveCfg = Release|Any CPU
		{A3351CB0-59ED-41EE-B317-F973BD1A8D56}.Release|Any CPU.Build.0 = Release|Any CPU
	EndGlobalSection
	GlobalSection(SolutionProperties) = preSolution
		HideSolutionNode = FALSE
	EndGlobalSection
	GlobalSection(ExtensibilityGlobals) = postSolution
		SolutionGuid = {D8B1DB16-9BE7-4A71-B3A3-05FAE79820AD}
	EndGlobalSection
EndGlobal
